// !$*UTF8*$!
{
	archiveVersion = 1;
	classes = {
	};
	objectVersion = 46;
	objects = {

/* Begin PBXBuildFile section */
		1E5D27C91E47C96B00091BEC /* AppDelegate.swift in Sources */ = {isa = PBXBuildFile; fileRef = 1E5D27C81E47C96B00091BEC /* AppDelegate.swift */; };
		1E5D27CB1E47C96B00091BEC /* ViewController.swift in Sources */ = {isa = PBXBuildFile; fileRef = 1E5D27CA1E47C96B00091BEC /* ViewController.swift */; };
		1E5D27CE1E47C96B00091BEC /* Main.storyboard in Resources */ = {isa = PBXBuildFile; fileRef = 1E5D27CC1E47C96B00091BEC /* Main.storyboard */; };
		1E5D27D11E47C96B00091BEC /* MyCameraApp.xcdatamodeld in Sources */ = {isa = PBXBuildFile; fileRef = 1E5D27CF1E47C96B00091BEC /* MyCameraApp.xcdatamodeld */; };
		1E5D27D31E47C96B00091BEC /* Assets.xcassets in Resources */ = {isa = PBXBuildFile; fileRef = 1E5D27D21E47C96B00091BEC /* Assets.xcassets */; };
		1E5D27D61E47C96B00091BEC /* LaunchScreen.storyboard in Resources */ = {isa = PBXBuildFile; fileRef = 1E5D27D41E47C96B00091BEC /* LaunchScreen.storyboard */; };
		1E5D27E11E47C96B00091BEC /* MyCameraAppTests.swift in Sources */ = {isa = PBXBuildFile; fileRef = 1E5D27E01E47C96B00091BEC /* MyCameraAppTests.swift */; };
		1E5D27EC1E47C96B00091BEC /* MyCameraAppUITests.swift in Sources */ = {isa = PBXBuildFile; fileRef = 1E5D27EB1E47C96B00091BEC /* MyCameraAppUITests.swift */; };
/* End PBXBuildFile section */

/* Begin PBXContainerItemProxy section */
		1E5D27DD1E47C96B00091BEC /* PBXContainerItemProxy */ = {
			isa = PBXContainerItemProxy;
			containerPortal = 1E5D27BD1E47C96A00091BEC /* Project object */;
			proxyType = 1;
			remoteGlobalIDString = 1E5D27C41E47C96A00091BEC;
			remoteInfo = MyCameraApp;
		};
		1E5D27E81E47C96B00091BEC /* PBXContainerItemProxy */ = {
			isa = PBXContainerItemProxy;
			containerPortal = 1E5D27BD1E47C96A00091BEC /* Project object */;
			proxyType = 1;
			remoteGlobalIDString = 1E5D27C41E47C96A00091BEC;
			remoteInfo = MyCameraApp;
		};
/* End PBXContainerItemProxy section */

/* Begin PBXFileReference section */
		1E5D27C51E47C96B00091BEC /* MyCameraApp.app */ = {isa = PBXFileReference; explicitFileType = wrapper.application; includeInIndex = 0; path = MyCameraApp.app; sourceTree = BUILT_PRODUCTS_DIR; };
		1E5D27C81E47C96B00091BEC /* AppDelegate.swift */ = {isa = PBXFileReference; lastKnownFileType = sourcecode.swift; path = AppDelegate.swift; sourceTree = "<group>"; };
		1E5D27CA1E47C96B00091BEC /* ViewController.swift */ = {isa = PBXFileReference; lastKnownFileType = sourcecode.swift; path = ViewController.swift; sourceTree = "<group>"; };
		1E5D27CD1E47C96B00091BEC /* Base */ = {isa = PBXFileReference; lastKnownFileType = file.storyboard; name = Base; path = Base.lproj/Main.storyboard; sourceTree = "<group>"; };
		1E5D27D01E47C96B00091BEC /* MyCameraApp.xcdatamodel */ = {isa = PBXFileReference; lastKnownFileType = wrapper.xcdatamodel; path = MyCameraApp.xcdatamodel; sourceTree = "<group>"; };
		1E5D27D21E47C96B00091BEC /* Assets.xcassets */ = {isa = PBXFileReference; lastKnownFileType = folder.assetcatalog; path = Assets.xcassets; sourceTree = "<group>"; };
		1E5D27D51E47C96B00091BEC /* Base */ = {isa = PBXFileReference; lastKnownFileType = file.storyboard; name = Base; path = Base.lproj/LaunchScreen.storyboard; sourceTree = "<group>"; };
		1E5D27D71E47C96B00091BEC /* Info.plist */ = {isa = PBXFileReference; lastKnownFileType = text.plist.xml; path = Info.plist; sourceTree = "<group>"; };
		1E5D27DC1E47C96B00091BEC /* MyCameraAppTests.xctest */ = {isa = PBXFileReference; explicitFileType = wrapper.cfbundle; includeInIndex = 0; path = MyCameraAppTests.xctest; sourceTree = BUILT_PRODUCTS_DIR; };
		1E5D27E01E47C96B00091BEC /* MyCameraAppTests.swift */ = {isa = PBXFileReference; lastKnownFileType = sourcecode.swift; path = MyCameraAppTests.swift; sourceTree = "<group>"; };
		1E5D27E21E47C96B00091BEC /* Info.plist */ = {isa = PBXFileReference; lastKnownFileType = text.plist.xml; path = Info.plist; sourceTree = "<group>"; };
		1E5D27E71E47C96B00091BEC /* MyCameraAppUITests.xctest */ = {isa = PBXFileReference; explicitFileType = wrapper.cfbundle; includeInIndex = 0; path = MyCameraAppUITests.xctest; sourceTree = BUILT_PRODUCTS_DIR; };
		1E5D27EB1E47C96B00091BEC /* MyCameraAppUITests.swift */ = {isa = PBXFileReference; lastKnownFileType = sourcecode.swift; path = MyCameraAppUITests.swift; sourceTree = "<group>"; };
		1E5D27ED1E47C96B00091BEC /* Info.plist */ = {isa = PBXFileReference; lastKnownFileType = text.plist.xml; path = Info.plist; sourceTree = "<group>"; };
/* End PBXFileReference section */

/* Begin PBXFrameworksBuildPhase section */
		1E5D27C21E47C96A00091BEC /* Frameworks */ = {
			isa = PBXFrameworksBuildPhase;
			buildActionMask = 2147483647;
			files = (
			);
			runOnlyForDeploymentPostprocessing = 0;
		};
		1E5D27D91E47C96B00091BEC /* Frameworks */ = {
			isa = PBXFrameworksBuildPhase;
			buildActionMask = 2147483647;
			files = (
			);
			runOnlyForDeploymentPostprocessing = 0;
		};
		1E5D27E41E47C96B00091BEC /* Frameworks */ = {
			isa = PBXFrameworksBuildPhase;
			buildActionMask = 2147483647;
			files = (
			);
			runOnlyForDeploymentPostprocessing = 0;
		};
/* End PBXFrameworksBuildPhase section */

/* Begin PBXGroup section */
		1E5D27BC1E47C96A00091BEC = {
			isa = PBXGroup;
			children = (
				1E5D27C71E47C96B00091BEC /* MyCameraApp */,
				1E5D27DF1E47C96B00091BEC /* MyCameraAppTests */,
				1E5D27EA1E47C96B00091BEC /* MyCameraAppUITests */,
				1E5D27C61E47C96B00091BEC /* Products */,
			);
			sourceTree = "<group>";
		};
		1E5D27C61E47C96B00091BEC /* Products */ = {
			isa = PBXGroup;
			children = (
				1E5D27C51E47C96B00091BEC /* MyCameraApp.app */,
				1E5D27DC1E47C96B00091BEC /* MyCameraAppTests.xctest */,
				1E5D27E71E47C96B00091BEC /* MyCameraAppUITests.xctest */,
			);
			name = Products;
			sourceTree = "<group>";
		};
		1E5D27C71E47C96B00091BEC /* MyCameraApp */ = {
			isa = PBXGroup;
			children = (
				1E5D27C81E47C96B00091BEC /* AppDelegate.swift */,
				1E5D27CA1E47C96B00091BEC /* ViewController.swift */,
				1E5D27CC1E47C96B00091BEC /* Main.storyboard */,
				1E5D27D21E47C96B00091BEC /* Assets.xcassets */,
				1E5D27D41E47C96B00091BEC /* LaunchScreen.storyboard */,
				1E5D27D71E47C96B00091BEC /* Info.plist */,
				1E5D27CF1E47C96B00091BEC /* MyCameraApp.xcdatamodeld */,
			);
			path = MyCameraApp;
			sourceTree = "<group>";
		};
		1E5D27DF1E47C96B00091BEC /* MyCameraAppTests */ = {
			isa = PBXGroup;
			children = (
				1E5D27E01E47C96B00091BEC /* MyCameraAppTests.swift */,
				1E5D27E21E47C96B00091BEC /* Info.plist */,
			);
			path = MyCameraAppTests;
			sourceTree = "<group>";
		};
		1E5D27EA1E47C96B00091BEC /* MyCameraAppUITests */ = {
			isa = PBXGroup;
			children = (
				1E5D27EB1E47C96B00091BEC /* MyCameraAppUITests.swift */,
				1E5D27ED1E47C96B00091BEC /* Info.plist */,
			);
			path = MyCameraAppUITests;
			sourceTree = "<group>";
		};
/* End PBXGroup section */

/* Begin PBXNativeTarget section */
		1E5D27C41E47C96A00091BEC /* MyCameraApp */ = {
			isa = PBXNativeTarget;
			buildConfigurationList = 1E5D27F01E47C96B00091BEC /* Build configuration list for PBXNativeTarget "MyCameraApp" */;
			buildPhases = (
				1E5D27C11E47C96A00091BEC /* Sources */,
				1E5D27C21E47C96A00091BEC /* Frameworks */,
				1E5D27C31E47C96A00091BEC /* Resources */,
			);
			buildRules = (
			);
			dependencies = (
			);
			name = MyCameraApp;
			productName = MyCameraApp;
			productReference = 1E5D27C51E47C96B00091BEC /* MyCameraApp.app */;
			productType = "com.apple.product-type.application";
		};
		1E5D27DB1E47C96B00091BEC /* MyCameraAppTests */ = {
			isa = PBXNativeTarget;
			buildConfigurationList = 1E5D27F31E47C96B00091BEC /* Build configuration list for PBXNativeTarget "MyCameraAppTests" */;
			buildPhases = (
				1E5D27D81E47C96B00091BEC /* Sources */,
				1E5D27D91E47C96B00091BEC /* Frameworks */,
				1E5D27DA1E47C96B00091BEC /* Resources */,
			);
			buildRules = (
			);
			dependencies = (
				1E5D27DE1E47C96B00091BEC /* PBXTargetDependency */,
			);
			name = MyCameraAppTests;
			productName = MyCameraAppTests;
			productReference = 1E5D27DC1E47C96B00091BEC /* MyCameraAppTests.xctest */;
			productType = "com.apple.product-type.bundle.unit-test";
		};
		1E5D27E61E47C96B00091BEC /* MyCameraAppUITests */ = {
			isa = PBXNativeTarget;
			buildConfigurationList = 1E5D27F61E47C96B00091BEC /* Build configuration list for PBXNativeTarget "MyCameraAppUITests" */;
			buildPhases = (
				1E5D27E31E47C96B00091BEC /* Sources */,
				1E5D27E41E47C96B00091BEC /* Frameworks */,
				1E5D27E51E47C96B00091BEC /* Resources */,
			);
			buildRules = (
			);
			dependencies = (
				1E5D27E91E47C96B00091BEC /* PBXTargetDependency */,
			);
			name = MyCameraAppUITests;
			productName = MyCameraAppUITests;
			productReference = 1E5D27E71E47C96B00091BEC /* MyCameraAppUITests.xctest */;
			productType = "com.apple.product-type.bundle.ui-testing";
		};
/* End PBXNativeTarget section */

/* Begin PBXProject section */
		1E5D27BD1E47C96A00091BEC /* Project object */ = {
			isa = PBXProject;
			attributes = {
				LastSwiftUpdateCheck = 0820;
				LastUpgradeCheck = 0820;
				ORGANIZATIONNAME = story;
				TargetAttributes = {
					1E5D27C41E47C96A00091BEC = {
						CreatedOnToolsVersion = 8.2.1;
						DevelopmentTeam = V32K2TFYV6;
						ProvisioningStyle = Automatic;
					};
					1E5D27DB1E47C96B00091BEC = {
						CreatedOnToolsVersion = 8.2.1;
						DevelopmentTeam = V32K2TFYV6;
						ProvisioningStyle = Automatic;
						TestTargetID = 1E5D27C41E47C96A00091BEC;
					};
					1E5D27E61E47C96B00091BEC = {
						CreatedOnToolsVersion = 8.2.1;
						DevelopmentTeam = V32K2TFYV6;
						ProvisioningStyle = Automatic;
						TestTargetID = 1E5D27C41E47C96A00091BEC;
					};
				};
			};
			buildConfigurationList = 1E5D27C01E47C96A00091BEC /* Build configuration list for PBXProject "MyCameraApp" */;
			compatibilityVersion = "Xcode 3.2";
			developmentRegion = English;
			hasScannedForEncodings = 0;
			knownRegions = (
				en,
				Base,
			);
			mainGroup = 1E5D27BC1E47C96A00091BEC;
			productRefGroup = 1E5D27C61E47C96B00091BEC /* Products */;
			projectDirPath = "";
			projectRoot = "";
			targets = (
				1E5D27C41E47C96A00091BEC /* MyCameraApp */,
				1E5D27DB1E47C96B00091BEC /* MyCameraAppTests */,
				1E5D27E61E47C96B00091BEC /* MyCameraAppUITests */,
			);
		};
/* End PBXProject section */

/* Begin PBXResourcesBuildPhase section */
		1E5D27C31E47C96A00091BEC /* Resources */ = {
			isa = PBXResourcesBuildPhase;
			buildActionMask = 2147483647;
			files = (
				1E5D27D61E47C96B00091BEC /* LaunchScreen.storyboard in Resources */,
				1E5D27D31E47C96B00091BEC /* Assets.xcassets in Resources */,
				1E5D27CE1E47C96B00091BEC /* Main.storyboard in Resources */,
			);
			runOnlyForDeploymentPostprocessing = 0;
		};
		1E5D27DA1E47C96B00091BEC /* Resources */ = {
			isa = PBXResourcesBuildPhase;
			buildActionMask = 2147483647;
			files = (
			);
			runOnlyForDeploymentPostprocessing = 0;
		};
		1E5D27E51E47C96B00091BEC /* Resources */ = {
			isa = PBXResourcesBuildPhase;
			buildActionMask = 2147483647;
			files = (
			);
			runOnlyForDeploymentPostprocessing = 0;
		};
/* End PBXResourcesBuildPhase section */

/* Begin PBXSourcesBuildPhase section */
		1E5D27C11E47C96A00091BEC /* Sources */ = {
			isa = PBXSourcesBuildPhase;
			buildActionMask = 2147483647;
			files = (
				1E5D27D11E47C96B00091BEC /* MyCameraApp.xcdatamodeld in Sources */,
				1E5D27CB1E47C96B00091BEC /* ViewController.swift in Sources */,
				1E5D27C91E47C96B00091BEC /* AppDelegate.swift in Sources */,
			);
			runOnlyForDeploymentPostprocessing = 0;
		};
		1E5D27D81E47C96B00091BEC /* Sources */ = {
			isa = PBXSourcesBuildPhase;
			buildActionMask = 2147483647;
			files = (
				1E5D27E11E47C96B00091BEC /* MyCameraAppTests.swift in Sources */,
			);
			runOnlyForDeploymentPostprocessing = 0;
		};
		1E5D27E31E47C96B00091BEC /* Sources */ = {
			isa = PBXSourcesBuildPhase;
			buildActionMask = 2147483647;
			files = (
				1E5D27EC1E47C96B00091BEC /* MyCameraAppUITests.swift in Sources */,
			);
			runOnlyForDeploymentPostprocessing = 0;
		};
/* End PBXSourcesBuildPhase section */

/* Begin PBXTargetDependency section */
		1E5D27DE1E47C96B00091BEC /* PBXTargetDependency */ = {
			isa = PBXTargetDependency;
			target = 1E5D27C41E47C96A00091BEC /* MyCameraApp */;
			targetProxy = 1E5D27DD1E47C96B00091BEC /* PBXContainerItemProxy */;
		};
		1E5D27E91E47C96B00091BEC /* PBXTargetDependency */ = {
			isa = PBXTargetDependency;
			target = 1E5D27C41E47C96A00091BEC /* MyCameraApp */;
			targetProxy = 1E5D27E81E47C96B00091BEC /* PBXContainerItemProxy */;
		};
/* End PBXTargetDependency section */

/* Begin PBXVariantGroup section */
		1E5D27CC1E47C96B00091BEC /* Main.storyboard */ = {
			isa = PBXVariantGroup;
			children = (
				1E5D27CD1E47C96B00091BEC /* Base */,
			);
			name = Main.storyboard;
			sourceTree = "<group>";
		};
		1E5D27D41E47C96B00091BEC /* LaunchScreen.storyboard */ = {
			isa = PBXVariantGroup;
			children = (
				1E5D27D51E47C96B00091BEC /* Base */,
			);
			name = LaunchScreen.storyboard;
			sourceTree = "<group>";
		};
/* End PBXVariantGroup section */

/* Begin XCBuildConfiguration section */
		1E5D27EE1E47C96B00091BEC /* Debug */ = {
			isa = XCBuildConfiguration;
			buildSettings = {
				ALWAYS_SEARCH_USER_PATHS = NO;
				CLANG_ANALYZER_NONNULL = YES;
				CLANG_CXX_LANGUAGE_STANDARD = "gnu++0x";
				CLANG_CXX_LIBRARY = "libc++";
				CLANG_ENABLE_MODULES = YES;
				CLANG_ENABLE_OBJC_ARC = YES;
				CLANG_WARN_BOOL_CONVERSION = YES;
				CLANG_WARN_CONSTANT_CONVERSION = YES;
				CLANG_WARN_DIRECT_OBJC_ISA_USAGE = YES_ERROR;
				CLANG_WARN_DOCUMENTATION_COMMENTS = YES;
				CLANG_WARN_EMPTY_BODY = YES;
				CLANG_WARN_ENUM_CONVERSION = YES;
				CLANG_WARN_INFINITE_RECURSION = YES;
				CLANG_WARN_INT_CONVERSION = YES;
				CLANG_WARN_OBJC_ROOT_CLASS = YES_ERROR;
				CLANG_WARN_SUSPICIOUS_MOVE = YES;
				CLANG_WARN_UNREACHABLE_CODE = YES;
				CLANG_WARN__DUPLICATE_METHOD_MATCH = YES;
				"CODE_SIGN_IDENTITY[sdk=iphoneos*]" = "iPhone Developer";
				COPY_PHASE_STRIP = NO;
				DEBUG_INFORMATION_FORMAT = dwarf;
				ENABLE_STRICT_OBJC_MSGSEND = YES;
				ENABLE_TESTABILITY = YES;
				GCC_C_LANGUAGE_STANDARD = gnu99;
				GCC_DYNAMIC_NO_PIC = NO;
				GCC_NO_COMMON_BLOCKS = YES;
				GCC_OPTIMIZATION_LEVEL = 0;
				GCC_PREPROCESSOR_DEFINITIONS = (
					"DEBUG=1",
					"$(inherited)",
				);
				GCC_WARN_64_TO_32_BIT_CONVERSION = YES;
				GCC_WARN_ABOUT_RETURN_TYPE = YES_ERROR;
				GCC_WARN_UNDECLARED_SELECTOR = YES;
				GCC_WARN_UNINITIALIZED_AUTOS = YES_AGGRESSIVE;
				GCC_WARN_UNUSED_FUNCTION = YES;
				GCC_WARN_UNUSED_VARIABLE = YES;
				IPHONEOS_DEPLOYMENT_TARGET = 10.2;
				MTL_ENABLE_DEBUG_INFO = YES;
				ONLY_ACTIVE_ARCH = YES;
				SDKROOT = iphoneos;
				SWIFT_ACTIVE_COMPILATION_CONDITIONS = DEBUG;
				SWIFT_OPTIMIZATION_LEVEL = "-Onone";
			};
			name = Debug;
		};
		1E5D27EF1E47C96B00091BEC /* Release */ = {
			isa = XCBuildConfiguration;
			buildSettings = {
				ALWAYS_SEARCH_USER_PATHS = NO;
				CLANG_ANALYZER_NONNULL = YES;
				CLANG_CXX_LANGUAGE_STANDARD = "gnu++0x";
				CLANG_CXX_LIBRARY = "libc++";
				CLANG_ENABLE_MODULES = YES;
				CLANG_ENABLE_OBJC_ARC = YES;
				CLANG_WARN_BOOL_CONVERSION = YES;
				CLANG_WARN_CONSTANT_CONVERSION = YES;
				CLANG_WARN_DIRECT_OBJC_ISA_USAGE = YES_ERROR;
				CLANG_WARN_DOCUMENTATION_COMMENTS = YES;
				CLANG_WARN_EMPTY_BODY = YES;
				CLANG_WARN_ENUM_CONVERSION = YES;
				CLANG_WARN_INFINITE_RECURSION = YES;
				CLANG_WARN_INT_CONVERSION = YES;
				CLANG_WARN_OBJC_ROOT_CLASS = YES_ERROR;
				CLANG_WARN_SUSPICIOUS_MOVE = YES;
				CLANG_WARN_UNREACHABLE_CODE = YES;
				CLANG_WARN__DUPLICATE_METHOD_MATCH = YES;
				"CODE_SIGN_IDENTITY[sdk=iphoneos*]" = "iPhone Developer";
				COPY_PHASE_STRIP = NO;
				DEBUG_INFORMATION_FORMAT = "dwarf-with-dsym";
				ENABLE_NS_ASSERTIONS = NO;
				ENABLE_STRICT_OBJC_MSGSEND = YES;
				GCC_C_LANGUAGE_STANDARD = gnu99;
				GCC_NO_COMMON_BLOCKS = YES;
				GCC_WARN_64_TO_32_BIT_CONVERSION = YES;
				GCC_WARN_ABOUT_RETURN_TYPE = YES_ERROR;
				GCC_WARN_UNDECLARED_SELECTOR = YES;
				GCC_WARN_UNINITIALIZED_AUTOS = YES_AGGRESSIVE;
				GCC_WARN_UNUSED_FUNCTION = YES;
				GCC_WARN_UNUSED_VARIABLE = YES;
				IPHONEOS_DEPLOYMENT_TARGET = 10.2;
				MTL_ENABLE_DEBUG_INFO = NO;
				SDKROOT = iphoneos;
				SWIFT_OPTIMIZATION_LEVEL = "-Owholemodule";
				VALIDATE_PRODUCT = YES;
			};
			name = Release;
		};
		1E5D27F11E47C96B00091BEC /* Debug */ = {
			isa = XCBuildConfiguration;
			buildSettings = {
				ASSETCATALOG_COMPILER_APPICON_NAME = AppIcon;
				DEVELOPMENT_TEAM = V32K2TFYV6;
				INFOPLIST_FILE = MyCameraApp/Info.plist;
				LD_RUNPATH_SEARCH_PATHS = "$(inherited) @executable_path/Frameworks";
				PRODUCT_BUNDLE_IDENTIFIER = com.srutiharikumar.MyCameraApp;
				PRODUCT_NAME = "$(TARGET_NAME)";
				SWIFT_VERSION = 3.0;
			};
			name = Debug;
		};
		1E5D27F21E47C96B00091BEC /* Release */ = {
			isa = XCBuildConfiguration;
			buildSettings = {
				ASSETCATALOG_COMPILER_APPICON_NAME = AppIcon;
				DEVELOPMENT_TEAM = V32K2TFYV6;
				INFOPLIST_FILE = MyCameraApp/Info.plist;
				LD_RUNPATH_SEARCH_PATHS = "$(inherited) @executable_path/Frameworks";
				PRODUCT_BUNDLE_IDENTIFIER = com.srutiharikumar.MyCameraApp;
				PRODUCT_NAME = "$(TARGET_NAME)";
				SWIFT_VERSION = 3.0;
			};
			name = Release;
		};
		1E5D27F41E47C96B00091BEC /* Debug */ = {
			isa = XCBuildConfiguration;
			buildSettings = {
				ALWAYS_EMBED_SWIFT_STANDARD_LIBRARIES = YES;
				BUNDLE_LOADER = "$(TEST_HOST)";
				DEVELOPMENT_TEAM = V32K2TFYV6;
				INFOPLIST_FILE = MyCameraAppTests/Info.plist;
				LD_RUNPATH_SEARCH_PATHS = "$(inherited) @executable_path/Frameworks @loader_path/Frameworks";
				PRODUCT_BUNDLE_IDENTIFIER = com.srutiharikumar.MyCameraAppTests;
				PRODUCT_NAME = "$(TARGET_NAME)";
				SWIFT_VERSION = 3.0;
				TEST_HOST = "$(BUILT_PRODUCTS_DIR)/MyCameraApp.app/MyCameraApp";
			};
			name = Debug;
		};
		1E5D27F51E47C96B00091BEC /* Release */ = {
			isa = XCBuildConfiguration;
			buildSettings = {
				ALWAYS_EMBED_SWIFT_STANDARD_LIBRARIES = YES;
				BUNDLE_LOADER = "$(TEST_HOST)";
				DEVELOPMENT_TEAM = V32K2TFYV6;
				INFOPLIST_FILE = MyCameraAppTests/Info.plist;
				LD_RUNPATH_SEARCH_PATHS = "$(inherited) @executable_path/Frameworks @loader_path/Frameworks";
				PRODUCT_BUNDLE_IDENTIFIER = com.srutiharikumar.MyCameraAppTests;
				PRODUCT_NAME = "$(TARGET_NAME)";
				SWIFT_VERSION = 3.0;
				TEST_HOST = "$(BUILT_PRODUCTS_DIR)/MyCameraApp.app/MyCameraApp";
			};
			name = Release;
		};
		1E5D27F71E47C96B00091BEC /* Debug */ = {
			isa = XCBuildConfiguration;
			buildSettings = {
				ALWAYS_EMBED_SWIFT_STANDARD_LIBRARIES = YES;
				DEVELOPMENT_TEAM = V32K2TFYV6;
				INFOPLIST_FILE = MyCameraAppUITests/Info.plist;
				LD_RUNPATH_SEARCH_PATHS = "$(inherited) @executable_path/Frameworks @loader_path/Frameworks";
				PRODUCT_BUNDLE_IDENTIFIER = com.srutiharikumar.MyCameraAppUITests;
				PRODUCT_NAME = "$(TARGET_NAME)";
				SWIFT_VERSION = 3.0;
				TEST_TARGET_NAME = MyCameraApp;
			};
			name = Debug;
		};
		1E5D27F81E47C96B00091BEC /* Release */ = {
			isa = XCBuildConfiguration;
			buildSettings = {
				ALWAYS_EMBED_SWIFT_STANDARD_LIBRARIES = YES;
				DEVELOPMENT_TEAM = V32K2TFYV6;
				INFOPLIST_FILE = MyCameraAppUITests/Info.plist;
				LD_RUNPATH_SEARCH_PATHS = "$(inherited) @executable_path/Frameworks @loader_path/Frameworks";
				PRODUCT_BUNDLE_IDENTIFIER = com.srutiharikumar.MyCameraAppUITests;
				PRODUCT_NAME = "$(TARGET_NAME)";
				SWIFT_VERSION = 3.0;
				TEST_TARGET_NAME = MyCameraApp;
			};
			name = Release;
		};
/* End XCBuildConfiguration section */

/* Begin XCConfigurationList section */
		1E5D27C01E47C96A00091BEC /* Build configuration list for PBXProject "MyCameraApp" */ = {
			isa = XCConfigurationList;
			buildConfigurations = (
				1E5D27EE1E47C96B00091BEC /* Debug */,
				1E5D27EF1E47C96B00091BEC /* Release */,
			);
			defaultConfigurationIsVisible = 0;
			defaultConfigurationName = Release;
		};
		1E5D27F01E47C96B00091BEC /* Build configuration list for PBXNativeTarget "MyCameraApp" */ = {
			isa = XCConfigurationList;
			buildConfigurations = (
				1E5D27F11E47C96B00091BEC /* Debug */,
				1E5D27F21E47C96B00091BEC /* Release */,
			);
			defaultConfigurationIsVisible = 0;
		};
		1E5D27F31E47C96B00091BEC /* Build configuration list for PBXNativeTarget "MyCameraAppTests" */ = {
			isa = XCConfigurationList;
			buildConfigurations = (
				1E5D27F41E47C96B00091BEC /* Debug */,
				1E5D27F51E47C96B00091BEC /* Release */,
			);
			defaultConfigurationIsVisible = 0;
		};
		1E5D27F61E47C96B00091BEC /* Build configuration list for PBXNativeTarget "MyCameraAppUITests" */ = {
			isa = XCConfigurationList;
			buildConfigurations = (
				1E5D27F71E47C96B00091BEC /* Debug */,
				1E5D27F81E47C96B00091BEC /* Release */,
			);
			defaultConfigurationIsVisible = 0;
		};
/* End XCConfigurationList section */

/* Begin XCVersionGroup section */
		1E5D27CF1E47C96B00091BEC /* MyCameraApp.xcdatamodeld */ = {
			isa = XCVersionGroup;
			children = (
				1E5D27D01E47C96B00091BEC /* MyCameraApp.xcdatamodel */,
			);
			currentVersion = 1E5D27D01E47C96B00091BEC /* MyCameraApp.xcdatamodel */;
			path = MyCameraApp.xcdatamodeld;
			sourceTree = "<group>";
			versionGroupType = wrapper.xcdatamodel;
		};
/* End XCVersionGroup section */
	};
	rootObject = 1E5D27BD1E47C96A00091BEC /* Project object */;
}
